
Microsoft Visual Studio Solution File, Format Version 12.00
# Visual Studio 15
VisualStudioVersion = 15.0.28307.852
MinimumVisualStudioVersion = 10.0.40219.1
Project("{FAE04EC0-301F-11D3-BF4B-00C04F79EFBC}") = "Lab2", "Lab2\Lab2.csproj", "{72C8A616-DE68-4ABC-8963-5753B3F726F7}"
EndProject
Global
	GlobalSection(SolutionConfigurationPlatforms) = preSolution
		Debug|x86 = Debug|x86
	EndGlobalSection
	GlobalSection(ProjectConfigurationPlatforms) = postSolution
		{72C8A616-DE68-4ABC-8963-5753B3F726F7}.Debug|x86.ActiveCfg = Debug|Any CPU
		{72C8A616-DE68-4ABC-8963-5753B3F726F7}.Debug|x86.Build.0 = Debug|Any CPU
	EndGlobalSection
	GlobalSection(SolutionProperties) = preSolution
		HideSolutionNode = FALSE
	EndGlobalSection
	GlobalSection(ExtensibilityGlobals) = postSolution
		SolutionGuid = {960F59F1-D2B1-4450-92BB-67CC26ADCAC3}
	EndGlobalSection
EndGlobal
